
Microsoft Visual Studio Solution File, Format Version 12.00
# Visual Studio Version 17
VisualStudioVersion = 17.8.34511.84
MinimumVisualStudioVersion = 10.0.40219.1
Project("{9A19103F-16F7-4668-BE54-9A1E7A4F7556}") = "BlazorApp", "BlazorApp\BlazorApp.csproj", "{BC1DD454-3BBC-487D-8BDC-A82F6117B647}"
EndProject
Global
	GlobalSection(SolutionConfigurationPlatforms) = preSolution
		Debug|Any CPU = Debug|Any CPU
		Release|Any CPU = Release|Any CPU
	EndGlobalSection
	GlobalSection(ProjectConfigurationPlatforms) = postSolution
		{BC1DD454-3BBC-487D-8BDC-A82F6117B647}.Debug|Any CPU.ActiveCfg = Debug|Any CPU
		{BC1DD454-3BBC-487D-8BDC-A82F6117B647}.Debug|Any CPU.Build.0 = Debug|Any CPU
		{BC1DD454-3BBC-487D-8BDC-A82F6117B647}.Release|Any CPU.ActiveCfg = Release|Any CPU
		{BC1DD454-3BBC-487D-8BDC-A82F6117B647}.Release|Any CPU.Build.0 = Release|Any CPU
	EndGlobalSection
	GlobalSection(SolutionProperties) = preSolution
		HideSolutionNode = FALSE
	EndGlobalSection
	GlobalSection(ExtensibilityGlobals) = postSolution
		SolutionGuid = {AA9EA0B8-7844-4C0C-802C-3A12AAB02401}
	EndGlobalSection
EndGlobal
